
Microsoft Visual Studio Solution File, Format Version 12.00
# Visual Studio Version 17
VisualStudioVersion = 17.1.32407.343
MinimumVisualStudioVersion = 10.0.40219.1
Project("{9A19103F-16F7-4668-BE54-9A1E7A4F7556}") = "WakeDevice", "WakeDevice\WakeDevice.csproj", "{CCCB271A-B9FC-4EEF-834E-03644B5D9C0D}"
EndProject
Project("{FAE04EC0-301F-11D3-BF4B-00C04F79EFBC}") = "WakeDeviceTests", "WakeDeviceTests\WakeDeviceTests.csproj", "{232C9380-18A4-46B2-A235-4B0644886361}"
EndProject
Global
	GlobalSection(SolutionConfigurationPlatforms) = preSolution
		Debug|Any CPU = Debug|Any CPU
		Debug|ARM = Debug|ARM
		Debug|ARM64 = Debug|ARM64
		Debug|x64 = Debug|x64
		Debug|x86 = Debug|x86
		Release|Any CPU = Release|Any CPU
		Release|ARM = Release|ARM
		Release|ARM64 = Release|ARM64
		Release|x64 = Release|x64
		Release|x86 = Release|x86
	EndGlobalSection
	GlobalSection(ProjectConfigurationPlatforms) = postSolution
		{CCCB271A-B9FC-4EEF-834E-03644B5D9C0D}.Debug|Any CPU.ActiveCfg = Debug|Any CPU
		{CCCB271A-B9FC-4EEF-834E-03644B5D9C0D}.Debug|Any CPU.Build.0 = Debug|Any CPU
		{CCCB271A-B9FC-4EEF-834E-03644B5D9C0D}.Debug|ARM.ActiveCfg = Debug|Any CPU
		{CCCB271A-B9FC-4EEF-834E-03644B5D9C0D}.Debug|ARM.Build.0 = Debug|Any CPU
		{CCCB271A-B9FC-4EEF-834E-03644B5D9C0D}.Debug|ARM64.ActiveCfg = Debug|Any CPU
		{CCCB271A-B9FC-4EEF-834E-03644B5D9C0D}.Debug|ARM64.Build.0 = Debug|Any CPU
		{CCCB271A-B9FC-4EEF-834E-03644B5D9C0D}.Debug|x64.ActiveCfg = Debug|Any CPU
		{CCCB271A-B9FC-4EEF-834E-03644B5D9C0D}.Debug|x64.Build.0 = Debug|Any CPU
		{CCCB271A-B9FC-4EEF-834E-03644B5D9C0D}.Debug|x86.ActiveCfg = Debug|Any CPU
		{CCCB271A-B9FC-4EEF-834E-03644B5D9C0D}.Debug|x86.Build.0 = Debug|Any CPU
		{CCCB271A-B9FC-4EEF-834E-03644B5D9C0D}.Release|Any CPU.ActiveCfg = Release|Any CPU
		{CCCB271A-B9FC-4EEF-834E-03644B5D9C0D}.Release|Any CPU.Build.0 = Release|Any CPU
		{CCCB271A-B9FC-4EEF-834E-03644B5D9C0D}.Release|ARM.ActiveCfg = Release|Any CPU
		{CCCB271A-B9FC-4EEF-834E-03644B5D9C0D}.Release|ARM.Build.0 = Release|Any CPU
		{CCCB271A-B9FC-4EEF-834E-03644B5D9C0D}.Release|ARM64.ActiveCfg = Release|Any CPU
		{CCCB271A-B9FC-4EEF-834E-03644B5D9C0D}.Release|ARM64.Build.0 = Release|Any CPU
		{CCCB271A-B9FC-4EEF-834E-03644B5D9C0D}.Release|x64.ActiveCfg = Release|Any CPU
		{CCCB271A-B9FC-4EEF-834E-03644B5D9C0D}.Release|x64.Build.0 = Release|Any CPU
		{CCCB271A-B9FC-4EEF-834E-03644B5D9C0D}.Release|x86.ActiveCfg = Release|Any CPU
		{CCCB271A-B9FC-4EEF-834E-03644B5D9C0D}.Release|x86.Build.0 = Release|Any CPU
		{232C9380-18A4-46B2-A235-4B0644886361}.Debug|Any CPU.ActiveCfg = Debug|Any CPU
		{232C9380-18A4-46B2-A235-4B0644886361}.Debug|Any CPU.Build.0 = Debug|Any CPU
		{232C9380-18A4-46B2-A235-4B0644886361}.Debug|ARM.ActiveCfg = Debug|Any CPU
		{232C9380-18A4-46B2-A235-4B0644886361}.Debug|ARM.Build.0 = Debug|Any CPU
		{232C9380-18A4-46B2-A235-4B0644886361}.Debug|ARM64.ActiveCfg = Debug|Any CPU
		{232C9380-18A4-46B2-A235-4B0644886361}.Debug|ARM64.Build.0 = Debug|Any CPU
		{232C9380-18A4-46B2-A235-4B0644886361}.Debug|x64.ActiveCfg = Debug|Any CPU
		{232C9380-18A4-46B2-A235-4B0644886361}.Debug|x64.Build.0 = Debug|Any CPU
		{232C9380-18A4-46B2-A235-4B0644886361}.Debug|x86.ActiveCfg = Debug|Any CPU
		{232C9380-18A4-46B2-A235-4B0644886361}.Debug|x86.Build.0 = Debug|Any CPU
		{232C9380-18A4-46B2-A235-4B0644886361}.Release|Any CPU.ActiveCfg = Release|Any CPU
		{232C9380-18A4-46B2-A235-4B0644886361}.Release|Any CPU.Build.0 = Release|Any CPU
		{232C9380-18A4-46B2-A235-4B0644886361}.Release|ARM.ActiveCfg = Release|Any CPU
		{232C9380-18A4-46B2-A235-4B0644886361}.Release|ARM.Build.0 = Release|Any CPU
		{232C9380-18A4-46B2-A235-4B0644886361}.Release|ARM64.ActiveCfg = Release|Any CPU
		{232C9380-18A4-46B2-A235-4B0644886361}.Release|ARM64.Build.0 = Release|Any CPU
		{232C9380-18A4-46B2-A235-4B0644886361}.Release|x64.ActiveCfg = Release|Any CPU
		{232C9380-18A4-46B2-A235-4B0644886361}.Release|x64.Build.0 = Release|Any CPU
		{232C9380-18A4-46B2-A235-4B0644886361}.Release|x86.ActiveCfg = Release|Any CPU
		{232C9380-18A4-46B2-A235-4B0644886361}.Release|x86.Build.0 = Release|Any CPU
	EndGlobalSection
	GlobalSection(SolutionProperties) = preSolution
		HideSolutionNode = FALSE
	EndGlobalSection
	GlobalSection(ExtensibilityGlobals) = postSolution
		SolutionGuid = {C633D7BB-0F57-4624-AE07-A408DE1E84FD}
	EndGlobalSection
EndGlobal
